// !$*UTF8*$!
{
	archiveVersion = 1;
	classes = {
	};
	objectVersion = 46;
	objects = {

/* Begin PBXBuildFile section */
		130005701D0BEBC7008EF193 /* AppDelegate.swift in Sources */ = {isa = PBXBuildFile; fileRef = 1300056F1D0BEBC7008EF193 /* AppDelegate.swift */; };
		130005721D0BEBC7008EF193 /* ViewController.swift in Sources */ = {isa = PBXBuildFile; fileRef = 130005711D0BEBC7008EF193 /* ViewController.swift */; };
		130005751D0BEBC7008EF193 /* Main.storyboard in Resources */ = {isa = PBXBuildFile; fileRef = 130005731D0BEBC7008EF193 /* Main.storyboard */; };
		130005771D0BEBC7008EF193 /* Assets.xcassets in Resources */ = {isa = PBXBuildFile; fileRef = 130005761D0BEBC7008EF193 /* Assets.xcassets */; };
		1300057A1D0BEBC7008EF193 /* LaunchScreen.storyboard in Resources */ = {isa = PBXBuildFile; fileRef = 130005781D0BEBC7008EF193 /* LaunchScreen.storyboard */; };
		130005851D0BEBC7008EF193 /* FamitoryForBotchTests.swift in Sources */ = {isa = PBXBuildFile; fileRef = 130005841D0BEBC7008EF193 /* FamitoryForBotchTests.swift */; };
		130005901D0BEBC8008EF193 /* FamitoryForBotchUITests.swift in Sources */ = {isa = PBXBuildFile; fileRef = 1300058F1D0BEBC8008EF193 /* FamitoryForBotchUITests.swift */; };
		4A994FFB1D0BF62600B5DE71 /* Detector.mm in Sources */ = {isa = PBXBuildFile; fileRef = 4A994FF91D0BF62600B5DE71 /* Detector.mm */; };
		820A29411D0CF95300E0AD5A /* Conversation.swift in Sources */ = {isa = PBXBuildFile; fileRef = 820A29401D0CF95300E0AD5A /* Conversation.swift */; };
		822564F31D0C6D6500311F6D /* parts in Resources */ = {isa = PBXBuildFile; fileRef = 822564F21D0C6D6500311F6D /* parts */; };
		822A37E11D0C08DF002215EF /* CameraUtil.swift in Sources */ = {isa = PBXBuildFile; fileRef = 822A37E01D0C08DF002215EF /* CameraUtil.swift */; };
		822A37E31D0C4262002215EF /* TalkViewController.swift in Sources */ = {isa = PBXBuildFile; fileRef = 822A37E21D0C4262002215EF /* TalkViewController.swift */; };
		E8EF7036B92A5E7703B5A0EA /* Pods.framework in Frameworks */ = {isa = PBXBuildFile; fileRef = 6473277120F0EF76E06AE4D4 /* Pods.framework */; };
/* End PBXBuildFile section */

/* Begin PBXContainerItemProxy section */
		130005811D0BEBC7008EF193 /* PBXContainerItemProxy */ = {
			isa = PBXContainerItemProxy;
			containerPortal = 130005641D0BEBC7008EF193 /* Project object */;
			proxyType = 1;
			remoteGlobalIDString = 1300056B1D0BEBC7008EF193;
			remoteInfo = FamitoryForBotch;
		};
		1300058C1D0BEBC8008EF193 /* PBXContainerItemProxy */ = {
			isa = PBXContainerItemProxy;
			containerPortal = 130005641D0BEBC7008EF193 /* Project object */;
			proxyType = 1;
			remoteGlobalIDString = 1300056B1D0BEBC7008EF193;
			remoteInfo = FamitoryForBotch;
		};
/* End PBXContainerItemProxy section */

/* Begin PBXFileReference section */
		1300056C1D0BEBC7008EF193 /* FamitoryForBotch.app */ = {isa = PBXFileReference; explicitFileType = wrapper.application; includeInIndex = 0; path = FamitoryForBotch.app; sourceTree = BUILT_PRODUCTS_DIR; };
		1300056F1D0BEBC7008EF193 /* AppDelegate.swift */ = {isa = PBXFileReference; lastKnownFileType = sourcecode.swift; path = AppDelegate.swift; sourceTree = "<group>"; };
		130005711D0BEBC7008EF193 /* ViewController.swift */ = {isa = PBXFileReference; lastKnownFileType = sourcecode.swift; path = ViewController.swift; sourceTree = "<group>"; };
		130005741D0BEBC7008EF193 /* Base */ = {isa = PBXFileReference; lastKnownFileType = file.storyboard; name = Base; path = Base.lproj/Main.storyboard; sourceTree = "<group>"; };
		130005761D0BEBC7008EF193 /* Assets.xcassets */ = {isa = PBXFileReference; lastKnownFileType = folder.assetcatalog; path = Assets.xcassets; sourceTree = "<group>"; };
		130005791D0BEBC7008EF193 /* Base */ = {isa = PBXFileReference; lastKnownFileType = file.storyboard; name = Base; path = Base.lproj/LaunchScreen.storyboard; sourceTree = "<group>"; };
		1300057B1D0BEBC7008EF193 /* Info.plist */ = {isa = PBXFileReference; lastKnownFileType = text.plist.xml; path = Info.plist; sourceTree = "<group>"; };
		130005801D0BEBC7008EF193 /* FamitoryForBotchTests.xctest */ = {isa = PBXFileReference; explicitFileType = wrapper.cfbundle; includeInIndex = 0; path = FamitoryForBotchTests.xctest; sourceTree = BUILT_PRODUCTS_DIR; };
		130005841D0BEBC7008EF193 /* FamitoryForBotchTests.swift */ = {isa = PBXFileReference; lastKnownFileType = sourcecode.swift; path = FamitoryForBotchTests.swift; sourceTree = "<group>"; };
		130005861D0BEBC7008EF193 /* Info.plist */ = {isa = PBXFileReference; lastKnownFileType = text.plist.xml; path = Info.plist; sourceTree = "<group>"; };
		1300058B1D0BEBC8008EF193 /* FamitoryForBotchUITests.xctest */ = {isa = PBXFileReference; explicitFileType = wrapper.cfbundle; includeInIndex = 0; path = FamitoryForBotchUITests.xctest; sourceTree = BUILT_PRODUCTS_DIR; };
		1300058F1D0BEBC8008EF193 /* FamitoryForBotchUITests.swift */ = {isa = PBXFileReference; lastKnownFileType = sourcecode.swift; path = FamitoryForBotchUITests.swift; sourceTree = "<group>"; };
		130005911D0BEBC8008EF193 /* Info.plist */ = {isa = PBXFileReference; lastKnownFileType = text.plist.xml; path = Info.plist; sourceTree = "<group>"; };
		309EE547FD6824F147ED50CD /* Pods.debug.xcconfig */ = {isa = PBXFileReference; includeInIndex = 1; lastKnownFileType = text.xcconfig; name = Pods.debug.xcconfig; path = "Pods/Target Support Files/Pods/Pods.debug.xcconfig"; sourceTree = "<group>"; };
		4A994FF81D0BF62600B5DE71 /* FamitoryForBotch-Bridging-Header.h */ = {isa = PBXFileReference; lastKnownFileType = sourcecode.c.h; path = "FamitoryForBotch-Bridging-Header.h"; sourceTree = "<group>"; };
		4A994FF91D0BF62600B5DE71 /* Detector.mm */ = {isa = PBXFileReference; fileEncoding = 4; lastKnownFileType = sourcecode.cpp.objcpp; path = Detector.mm; sourceTree = "<group>"; };
		5EA360E5E785016AD1989A87 /* Pods.release.xcconfig */ = {isa = PBXFileReference; includeInIndex = 1; lastKnownFileType = text.xcconfig; name = Pods.release.xcconfig; path = "Pods/Target Support Files/Pods/Pods.release.xcconfig"; sourceTree = "<group>"; };
		6473277120F0EF76E06AE4D4 /* Pods.framework */ = {isa = PBXFileReference; explicitFileType = wrapper.framework; includeInIndex = 0; path = Pods.framework; sourceTree = BUILT_PRODUCTS_DIR; };
		820A29401D0CF95300E0AD5A /* Conversation.swift */ = {isa = PBXFileReference; fileEncoding = 4; lastKnownFileType = sourcecode.swift; path = Conversation.swift; sourceTree = "<group>"; };
		822564F21D0C6D6500311F6D /* parts */ = {isa = PBXFileReference; lastKnownFileType = folder; path = parts; sourceTree = SOURCE_ROOT; };
		822A37E01D0C08DF002215EF /* CameraUtil.swift */ = {isa = PBXFileReference; fileEncoding = 4; lastKnownFileType = sourcecode.swift; path = CameraUtil.swift; sourceTree = "<group>"; };
		822A37E21D0C4262002215EF /* TalkViewController.swift */ = {isa = PBXFileReference; fileEncoding = 4; lastKnownFileType = sourcecode.swift; path = TalkViewController.swift; sourceTree = "<group>"; };
/* End PBXFileReference section */

/* Begin PBXFrameworksBuildPhase section */
		130005691D0BEBC7008EF193 /* Frameworks */ = {
			isa = PBXFrameworksBuildPhase;
			buildActionMask = 2147483647;
			files = (
				E8EF7036B92A5E7703B5A0EA /* Pods.framework in Frameworks */,
			);
			runOnlyForDeploymentPostprocessing = 0;
		};
		1300057D1D0BEBC7008EF193 /* Frameworks */ = {
			isa = PBXFrameworksBuildPhase;
			buildActionMask = 2147483647;
			files = (
			);
			runOnlyForDeploymentPostprocessing = 0;
		};
		130005881D0BEBC8008EF193 /* Frameworks */ = {
			isa = PBXFrameworksBuildPhase;
			buildActionMask = 2147483647;
			files = (
			);
			runOnlyForDeploymentPostprocessing = 0;
		};
/* End PBXFrameworksBuildPhase section */

/* Begin PBXGroup section */
		130005631D0BEBC7008EF193 = {
			isa = PBXGroup;
			children = (
				822564F21D0C6D6500311F6D /* parts */,
				1300056E1D0BEBC7008EF193 /* FamitoryForBotch */,
				130005831D0BEBC7008EF193 /* FamitoryForBotchTests */,
				1300058E1D0BEBC8008EF193 /* FamitoryForBotchUITests */,
				1300056D1D0BEBC7008EF193 /* Products */,
				1FE7124B8CB8C5F8B997C821 /* Pods */,
				850F1F532D54E62F7A47346A /* Frameworks */,
			);
			sourceTree = "<group>";
		};
		1300056D1D0BEBC7008EF193 /* Products */ = {
			isa = PBXGroup;
			children = (
				1300056C1D0BEBC7008EF193 /* FamitoryForBotch.app */,
				130005801D0BEBC7008EF193 /* FamitoryForBotchTests.xctest */,
				1300058B1D0BEBC8008EF193 /* FamitoryForBotchUITests.xctest */,
			);
			name = Products;
			sourceTree = "<group>";
		};
		1300056E1D0BEBC7008EF193 /* FamitoryForBotch */ = {
			isa = PBXGroup;
			children = (
				1300056F1D0BEBC7008EF193 /* AppDelegate.swift */,
				822A37E01D0C08DF002215EF /* CameraUtil.swift */,
				130005711D0BEBC7008EF193 /* ViewController.swift */,
				820A29401D0CF95300E0AD5A /* Conversation.swift */,
				822A37E21D0C4262002215EF /* TalkViewController.swift */,
				130005731D0BEBC7008EF193 /* Main.storyboard */,
				130005761D0BEBC7008EF193 /* Assets.xcassets */,
				130005781D0BEBC7008EF193 /* LaunchScreen.storyboard */,
				1300057B1D0BEBC7008EF193 /* Info.plist */,
				4A994FF91D0BF62600B5DE71 /* Detector.mm */,
				4A994FF81D0BF62600B5DE71 /* FamitoryForBotch-Bridging-Header.h */,
			);
			path = FamitoryForBotch;
			sourceTree = "<group>";
		};
		130005831D0BEBC7008EF193 /* FamitoryForBotchTests */ = {
			isa = PBXGroup;
			children = (
				130005841D0BEBC7008EF193 /* FamitoryForBotchTests.swift */,
				130005861D0BEBC7008EF193 /* Info.plist */,
			);
			path = FamitoryForBotchTests;
			sourceTree = "<group>";
		};
		1300058E1D0BEBC8008EF193 /* FamitoryForBotchUITests */ = {
			isa = PBXGroup;
			children = (
				1300058F1D0BEBC8008EF193 /* FamitoryForBotchUITests.swift */,
				130005911D0BEBC8008EF193 /* Info.plist */,
			);
			path = FamitoryForBotchUITests;
			sourceTree = "<group>";
		};
		1FE7124B8CB8C5F8B997C821 /* Pods */ = {
			isa = PBXGroup;
			children = (
				309EE547FD6824F147ED50CD /* Pods.debug.xcconfig */,
				5EA360E5E785016AD1989A87 /* Pods.release.xcconfig */,
			);
			name = Pods;
			sourceTree = "<group>";
		};
		850F1F532D54E62F7A47346A /* Frameworks */ = {
			isa = PBXGroup;
			children = (
				6473277120F0EF76E06AE4D4 /* Pods.framework */,
			);
			name = Frameworks;
			sourceTree = "<group>";
		};
/* End PBXGroup section */

/* Begin PBXNativeTarget section */
		1300056B1D0BEBC7008EF193 /* FamitoryForBotch */ = {
			isa = PBXNativeTarget;
			buildConfigurationList = 130005941D0BEBC8008EF193 /* Build configuration list for PBXNativeTarget "FamitoryForBotch" */;
			buildPhases = (
				5747E7230DCF5408E11A80AC /* Check Pods Manifest.lock */,
				130005681D0BEBC7008EF193 /* Sources */,
				130005691D0BEBC7008EF193 /* Frameworks */,
				1300056A1D0BEBC7008EF193 /* Resources */,
				F5CB6076B1EB202E40F2B851 /* Embed Pods Frameworks */,
				A2E1B8F8325F1D7742AE5E9C /* Copy Pods Resources */,
			);
			buildRules = (
			);
			dependencies = (
			);
			name = FamitoryForBotch;
			productName = FamitoryForBotch;
			productReference = 1300056C1D0BEBC7008EF193 /* FamitoryForBotch.app */;
			productType = "com.apple.product-type.application";
		};
		1300057F1D0BEBC7008EF193 /* FamitoryForBotchTests */ = {
			isa = PBXNativeTarget;
			buildConfigurationList = 130005971D0BEBC8008EF193 /* Build configuration list for PBXNativeTarget "FamitoryForBotchTests" */;
			buildPhases = (
				1300057C1D0BEBC7008EF193 /* Sources */,
				1300057D1D0BEBC7008EF193 /* Frameworks */,
				1300057E1D0BEBC7008EF193 /* Resources */,
			);
			buildRules = (
			);
			dependencies = (
				130005821D0BEBC7008EF193 /* PBXTargetDependency */,
			);
			name = FamitoryForBotchTests;
			productName = FamitoryForBotchTests;
			productReference = 130005801D0BEBC7008EF193 /* FamitoryForBotchTests.xctest */;
			productType = "com.apple.product-type.bundle.unit-test";
		};
		1300058A1D0BEBC8008EF193 /* FamitoryForBotchUITests */ = {
			isa = PBXNativeTarget;
			buildConfigurationList = 1300059A1D0BEBC8008EF193 /* Build configuration list for PBXNativeTarget "FamitoryForBotchUITests" */;
			buildPhases = (
				130005871D0BEBC8008EF193 /* Sources */,
				130005881D0BEBC8008EF193 /* Frameworks */,
				130005891D0BEBC8008EF193 /* Resources */,
			);
			buildRules = (
			);
			dependencies = (
				1300058D1D0BEBC8008EF193 /* PBXTargetDependency */,
			);
			name = FamitoryForBotchUITests;
			productName = FamitoryForBotchUITests;
			productReference = 1300058B1D0BEBC8008EF193 /* FamitoryForBotchUITests.xctest */;
			productType = "com.apple.product-type.bundle.ui-testing";
		};
/* End PBXNativeTarget section */

/* Begin PBXProject section */
		130005641D0BEBC7008EF193 /* Project object */ = {
			isa = PBXProject;
			attributes = {
				LastSwiftUpdateCheck = 0730;
				LastUpgradeCheck = 0730;
				ORGANIZATIONNAME = ping;
				TargetAttributes = {
					1300056B1D0BEBC7008EF193 = {
						CreatedOnToolsVersion = 7.3.1;
						DevelopmentTeam = 587L42B986;
					};
					1300057F1D0BEBC7008EF193 = {
						CreatedOnToolsVersion = 7.3.1;
						DevelopmentTeam = PCN5B43B5M;
						TestTargetID = 1300056B1D0BEBC7008EF193;
					};
					1300058A1D0BEBC8008EF193 = {
						CreatedOnToolsVersion = 7.3.1;
						DevelopmentTeam = PCN5B43B5M;
						TestTargetID = 1300056B1D0BEBC7008EF193;
					};
				};
			};
			buildConfigurationList = 130005671D0BEBC7008EF193 /* Build configuration list for PBXProject "FamitoryForBotch" */;
			compatibilityVersion = "Xcode 3.2";
			developmentRegion = English;
			hasScannedForEncodings = 0;
			knownRegions = (
				en,
				Base,
			);
			mainGroup = 130005631D0BEBC7008EF193;
			productRefGroup = 1300056D1D0BEBC7008EF193 /* Products */;
			projectDirPath = "";
			projectRoot = "";
			targets = (
				1300056B1D0BEBC7008EF193 /* FamitoryForBotch */,
				1300057F1D0BEBC7008EF193 /* FamitoryForBotchTests */,
				1300058A1D0BEBC8008EF193 /* FamitoryForBotchUITests */,
			);
		};
/* End PBXProject section */

/* Begin PBXResourcesBuildPhase section */
		1300056A1D0BEBC7008EF193 /* Resources */ = {
			isa = PBXResourcesBuildPhase;
			buildActionMask = 2147483647;
			files = (
				1300057A1D0BEBC7008EF193 /* LaunchScreen.storyboard in Resources */,
				130005771D0BEBC7008EF193 /* Assets.xcassets in Resources */,
				130005751D0BEBC7008EF193 /* Main.storyboard in Resources */,
				822564F31D0C6D6500311F6D /* parts in Resources */,
			);
			runOnlyForDeploymentPostprocessing = 0;
		};
		1300057E1D0BEBC7008EF193 /* Resources */ = {
			isa = PBXResourcesBuildPhase;
			buildActionMask = 2147483647;
			files = (
			);
			runOnlyForDeploymentPostprocessing = 0;
		};
		130005891D0BEBC8008EF193 /* Resources */ = {
			isa = PBXResourcesBuildPhase;
			buildActionMask = 2147483647;
			files = (
			);
			runOnlyForDeploymentPostprocessing = 0;
		};
/* End PBXResourcesBuildPhase section */

/* Begin PBXShellScriptBuildPhase section */
		5747E7230DCF5408E11A80AC /* Check Pods Manifest.lock */ = {
			isa = PBXShellScriptBuildPhase;
			buildActionMask = 2147483647;
			files = (
			);
			inputPaths = (
			);
			name = "Check Pods Manifest.lock";
			outputPaths = (
			);
			runOnlyForDeploymentPostprocessing = 0;
			shellPath = /bin/sh;
			shellScript = "diff \"${PODS_ROOT}/../Podfile.lock\" \"${PODS_ROOT}/Manifest.lock\" > /dev/null\nif [[ $? != 0 ]] ; then\n    cat << EOM\nerror: The sandbox is not in sync with the Podfile.lock. Run 'pod install' or update your CocoaPods installation.\nEOM\n    exit 1\nfi\n";
			showEnvVarsInLog = 0;
		};
		A2E1B8F8325F1D7742AE5E9C /* Copy Pods Resources */ = {
			isa = PBXShellScriptBuildPhase;
			buildActionMask = 2147483647;
			files = (
			);
			inputPaths = (
			);
			name = "Copy Pods Resources";
			outputPaths = (
			);
			runOnlyForDeploymentPostprocessing = 0;
			shellPath = /bin/sh;
			shellScript = "\"${SRCROOT}/Pods/Target Support Files/Pods/Pods-resources.sh\"\n";
			showEnvVarsInLog = 0;
		};
		F5CB6076B1EB202E40F2B851 /* Embed Pods Frameworks */ = {
			isa = PBXShellScriptBuildPhase;
			buildActionMask = 2147483647;
			files = (
			);
			inputPaths = (
			);
			name = "Embed Pods Frameworks";
			outputPaths = (
			);
			runOnlyForDeploymentPostprocessing = 0;
			shellPath = /bin/sh;
			shellScript = "\"${SRCROOT}/Pods/Target Support Files/Pods/Pods-frameworks.sh\"\n";
			showEnvVarsInLog = 0;
		};
/* End PBXShellScriptBuildPhase section */

/* Begin PBXSourcesBuildPhase section */
		130005681D0BEBC7008EF193 /* Sources */ = {
			isa = PBXSourcesBuildPhase;
			buildActionMask = 2147483647;
			files = (
				820A29411D0CF95300E0AD5A /* Conversation.swift in Sources */,
				130005721D0BEBC7008EF193 /* ViewController.swift in Sources */,
				4A994FFB1D0BF62600B5DE71 /* Detector.mm in Sources */,
				822A37E11D0C08DF002215EF /* CameraUtil.swift in Sources */,
				130005701D0BEBC7008EF193 /* AppDelegate.swift in Sources */,
				822A37E31D0C4262002215EF /* TalkViewController.swift in Sources */,
			);
			runOnlyForDeploymentPostprocessing = 0;
		};
		1300057C1D0BEBC7008EF193 /* Sources */ = {
			isa = PBXSourcesBuildPhase;
			buildActionMask = 2147483647;
			files = (
				130005851D0BEBC7008EF193 /* FamitoryForBotchTests.swift in Sources */,
			);
			runOnlyForDeploymentPostprocessing = 0;
		};
		130005871D0BEBC8008EF193 /* Sources */ = {
			isa = PBXSourcesBuildPhase;
			buildActionMask = 2147483647;
			files = (
				130005901D0BEBC8008EF193 /* FamitoryForBotchUITests.swift in Sources */,
			);
			runOnlyForDeploymentPostprocessing = 0;
		};
/* End PBXSourcesBuildPhase section */

/* Begin PBXTargetDependency section */
		130005821D0BEBC7008EF193 /* PBXTargetDependency */ = {
			isa = PBXTargetDependency;
			target = 1300056B1D0BEBC7008EF193 /* FamitoryForBotch */;
			targetProxy = 130005811D0BEBC7008EF193 /* PBXContainerItemProxy */;
		};
		1300058D1D0BEBC8008EF193 /* PBXTargetDependency */ = {
			isa = PBXTargetDependency;
			target = 1300056B1D0BEBC7008EF193 /* FamitoryForBotch */;
			targetProxy = 1300058C1D0BEBC8008EF193 /* PBXContainerItemProxy */;
		};
/* End PBXTargetDependency section */

/* Begin PBXVariantGroup section */
		130005731D0BEBC7008EF193 /* Main.storyboard */ = {
			isa = PBXVariantGroup;
			children = (
				130005741D0BEBC7008EF193 /* Base */,
			);
			name = Main.storyboard;
			sourceTree = "<group>";
		};
		130005781D0BEBC7008EF193 /* LaunchScreen.storyboard */ = {
			isa = PBXVariantGroup;
			children = (
				130005791D0BEBC7008EF193 /* Base */,
			);
			name = LaunchScreen.storyboard;
			sourceTree = "<group>";
		};
/* End PBXVariantGroup section */

/* Begin XCBuildConfiguration section */
		130005921D0BEBC8008EF193 /* Debug */ = {
			isa = XCBuildConfiguration;
			buildSettings = {
				ALWAYS_SEARCH_USER_PATHS = NO;
				CLANG_ANALYZER_NONNULL = YES;
				CLANG_CXX_LANGUAGE_STANDARD = "gnu++0x";
				CLANG_CXX_LIBRARY = "libc++";
				CLANG_ENABLE_MODULES = YES;
				CLANG_ENABLE_OBJC_ARC = YES;
				CLANG_WARN_BOOL_CONVERSION = YES;
				CLANG_WARN_CONSTANT_CONVERSION = YES;
				CLANG_WARN_DIRECT_OBJC_ISA_USAGE = YES_ERROR;
				CLANG_WARN_EMPTY_BODY = YES;
				CLANG_WARN_ENUM_CONVERSION = YES;
				CLANG_WARN_INT_CONVERSION = YES;
				CLANG_WARN_OBJC_ROOT_CLASS = YES_ERROR;
				CLANG_WARN_UNREACHABLE_CODE = YES;
				CLANG_WARN__DUPLICATE_METHOD_MATCH = YES;
				"CODE_SIGN_IDENTITY[sdk=iphoneos*]" = "iPhone Developer";
				COPY_PHASE_STRIP = NO;
				DEBUG_INFORMATION_FORMAT = dwarf;
				ENABLE_STRICT_OBJC_MSGSEND = YES;
				ENABLE_TESTABILITY = YES;
				GCC_C_LANGUAGE_STANDARD = gnu99;
				GCC_DYNAMIC_NO_PIC = NO;
				GCC_NO_COMMON_BLOCKS = YES;
				GCC_OPTIMIZATION_LEVEL = 0;
				GCC_PREPROCESSOR_DEFINITIONS = (
					"DEBUG=1",
					"$(inherited)",
				);
				GCC_WARN_64_TO_32_BIT_CONVERSION = YES;
				GCC_WARN_ABOUT_RETURN_TYPE = YES_ERROR;
				GCC_WARN_UNDECLARED_SELECTOR = YES;
				GCC_WARN_UNINITIALIZED_AUTOS = YES_AGGRESSIVE;
				GCC_WARN_UNUSED_FUNCTION = YES;
				GCC_WARN_UNUSED_VARIABLE = YES;
				IPHONEOS_DEPLOYMENT_TARGET = 9.3;
				MTL_ENABLE_DEBUG_INFO = YES;
				ONLY_ACTIVE_ARCH = YES;
				SDKROOT = iphoneos;
				SWIFT_OPTIMIZATION_LEVEL = "-Onone";
			};
			name = Debug;
		};
		130005931D0BEBC8008EF193 /* Release */ = {
			isa = XCBuildConfiguration;
			buildSettings = {
				ALWAYS_SEARCH_USER_PATHS = NO;
				CLANG_ANALYZER_NONNULL = YES;
				CLANG_CXX_LANGUAGE_STANDARD = "gnu++0x";
				CLANG_CXX_LIBRARY = "libc++";
				CLANG_ENABLE_MODULES = YES;
				CLANG_ENABLE_OBJC_ARC = YES;
				CLANG_WARN_BOOL_CONVERSION = YES;
				CLANG_WARN_CONSTANT_CONVERSION = YES;
				CLANG_WARN_DIRECT_OBJC_ISA_USAGE = YES_ERROR;
				CLANG_WARN_EMPTY_BODY = YES;
				CLANG_WARN_ENUM_CONVERSION = YES;
				CLANG_WARN_INT_CONVERSION = YES;
				CLANG_WARN_OBJC_ROOT_CLASS = YES_ERROR;
				CLANG_WARN_UNREACHABLE_CODE = YES;
				CLANG_WARN__DUPLICATE_METHOD_MATCH = YES;
				"CODE_SIGN_IDENTITY[sdk=iphoneos*]" = "iPhone Developer";
				COPY_PHASE_STRIP = NO;
				DEBUG_INFORMATION_FORMAT = "dwarf-with-dsym";
				ENABLE_NS_ASSERTIONS = NO;
				ENABLE_STRICT_OBJC_MSGSEND = YES;
				GCC_C_LANGUAGE_STANDARD = gnu99;
				GCC_NO_COMMON_BLOCKS = YES;
				GCC_WARN_64_TO_32_BIT_CONVERSION = YES;
				GCC_WARN_ABOUT_RETURN_TYPE = YES_ERROR;
				GCC_WARN_UNDECLARED_SELECTOR = YES;
				GCC_WARN_UNINITIALIZED_AUTOS = YES_AGGRESSIVE;
				GCC_WARN_UNUSED_FUNCTION = YES;
				GCC_WARN_UNUSED_VARIABLE = YES;
				IPHONEOS_DEPLOYMENT_TARGET = 9.3;
				MTL_ENABLE_DEBUG_INFO = NO;
				SDKROOT = iphoneos;
				VALIDATE_PRODUCT = YES;
			};
			name = Release;
		};
		130005951D0BEBC8008EF193 /* Debug */ = {
			isa = XCBuildConfiguration;
			baseConfigurationReference = 309EE547FD6824F147ED50CD /* Pods.debug.xcconfig */;
			buildSettings = {
				ASSETCATALOG_COMPILER_APPICON_NAME = AppIcon;
				CLANG_ENABLE_MODULES = YES;
				CODE_SIGN_IDENTITY = "iPhone Developer";
				"CODE_SIGN_IDENTITY[sdk=iphoneos*]" = "iPhone Developer";
				ENABLE_BITCODE = NO;
				INFOPLIST_FILE = FamitoryForBotch/Info.plist;
				IPHONEOS_DEPLOYMENT_TARGET = 8.1;
				LD_RUNPATH_SEARCH_PATHS = "$(inherited) @executable_path/Frameworks";
				PRODUCT_BUNDLE_IDENTIFIER = ping.FamitoryForBotch;
				PRODUCT_NAME = "$(TARGET_NAME)";
				PROVISIONING_PROFILE = "";
				SWIFT_OBJC_BRIDGING_HEADER = "FamitoryForBotch/FamitoryForBotch-Bridging-Header.h";
				SWIFT_OPTIMIZATION_LEVEL = "-Onone";
			};
			name = Debug;
		};
		130005961D0BEBC8008EF193 /* Release */ = {
			isa = XCBuildConfiguration;
			baseConfigurationReference = 5EA360E5E785016AD1989A87 /* Pods.release.xcconfig */;
			buildSettings = {
				ASSETCATALOG_COMPILER_APPICON_NAME = AppIcon;
				CLANG_ENABLE_MODULES = YES;
				CODE_SIGN_IDENTITY = "iPhone Developer";
				"CODE_SIGN_IDENTITY[sdk=iphoneos*]" = "iPhone Developer";
				ENABLE_BITCODE = NO;
				INFOPLIST_FILE = FamitoryForBotch/Info.plist;
				IPHONEOS_DEPLOYMENT_TARGET = 8.1;
				LD_RUNPATH_SEARCH_PATHS = "$(inherited) @executable_path/Frameworks";
				PRODUCT_BUNDLE_IDENTIFIER = ping.FamitoryForBotch;
				PRODUCT_NAME = "$(TARGET_NAME)";
				PROVISIONING_PROFILE = "";
				SWIFT_OBJC_BRIDGING_HEADER = "FamitoryForBotch/FamitoryForBotch-Bridging-Header.h";
			};
			name = Release;
		};
		130005981D0BEBC8008EF193 /* Debug */ = {
			isa = XCBuildConfiguration;
			buildSettings = {
				BUNDLE_LOADER = "$(TEST_HOST)";
				INFOPLIST_FILE = FamitoryForBotchTests/Info.plist;
				LD_RUNPATH_SEARCH_PATHS = "$(inherited) @executable_path/Frameworks @loader_path/Frameworks";
				PRODUCT_BUNDLE_IDENTIFIER = ping.FamitoryForBotchTests;
				PRODUCT_NAME = "$(TARGET_NAME)";
				TEST_HOST = "$(BUILT_PRODUCTS_DIR)/FamitoryForBotch.app/FamitoryForBotch";
			};
			name = Debug;
		};
		130005991D0BEBC8008EF193 /* Release */ = {
			isa = XCBuildConfiguration;
			buildSettings = {
				BUNDLE_LOADER = "$(TEST_HOST)";
				INFOPLIST_FILE = FamitoryForBotchTests/Info.plist;
				LD_RUNPATH_SEARCH_PATHS = "$(inherited) @executable_path/Frameworks @loader_path/Frameworks";
				PRODUCT_BUNDLE_IDENTIFIER = ping.FamitoryForBotchTests;
				PRODUCT_NAME = "$(TARGET_NAME)";
				TEST_HOST = "$(BUILT_PRODUCTS_DIR)/FamitoryForBotch.app/FamitoryForBotch";
			};
			name = Release;
		};
		1300059B1D0BEBC8008EF193 /* Debug */ = {
			isa = XCBuildConfiguration;
			buildSettings = {
				INFOPLIST_FILE = FamitoryForBotchUITests/Info.plist;
				LD_RUNPATH_SEARCH_PATHS = "$(inherited) @executable_path/Frameworks @loader_path/Frameworks";
				PRODUCT_BUNDLE_IDENTIFIER = ping.FamitoryForBotchUITests;
				PRODUCT_NAME = "$(TARGET_NAME)";
				TEST_TARGET_NAME = FamitoryForBotch;
			};
			name = Debug;
		};
		1300059C1D0BEBC8008EF193 /* Release */ = {
			isa = XCBuildConfiguration;
			buildSettings = {
				INFOPLIST_FILE = FamitoryForBotchUITests/Info.plist;
				LD_RUNPATH_SEARCH_PATHS = "$(inherited) @executable_path/Frameworks @loader_path/Frameworks";
				PRODUCT_BUNDLE_IDENTIFIER = ping.FamitoryForBotchUITests;
				PRODUCT_NAME = "$(TARGET_NAME)";
				TEST_TARGET_NAME = FamitoryForBotch;
			};
			name = Release;
		};
/* End XCBuildConfiguration section */

/* Begin XCConfigurationList section */
		130005671D0BEBC7008EF193 /* Build configuration list for PBXProject "FamitoryForBotch" */ = {
			isa = XCConfigurationList;
			buildConfigurations = (
				130005921D0BEBC8008EF193 /* Debug */,
				130005931D0BEBC8008EF193 /* Release */,
			);
			defaultConfigurationIsVisible = 0;
			defaultConfigurationName = Release;
		};
		130005941D0BEBC8008EF193 /* Build configuration list for PBXNativeTarget "FamitoryForBotch" */ = {
			isa = XCConfigurationList;
			buildConfigurations = (
				130005951D0BEBC8008EF193 /* Debug */,
				130005961D0BEBC8008EF193 /* Release */,
			);
			defaultConfigurationIsVisible = 0;
			defaultConfigurationName = Release;
		};
		130005971D0BEBC8008EF193 /* Build configuration list for PBXNativeTarget "FamitoryForBotchTests" */ = {
			isa = XCConfigurationList;
			buildConfigurations = (
				130005981D0BEBC8008EF193 /* Debug */,
				130005991D0BEBC8008EF193 /* Release */,
			);
			defaultConfigurationIsVisible = 0;
			defaultConfigurationName = Release;
		};
		1300059A1D0BEBC8008EF193 /* Build configuration list for PBXNativeTarget "FamitoryForBotchUITests" */ = {
			isa = XCConfigurationList;
			buildConfigurations = (
				1300059B1D0BEBC8008EF193 /* Debug */,
				1300059C1D0BEBC8008EF193 /* Release */,
			);
			defaultConfigurationIsVisible = 0;
			defaultConfigurationName = Release;
		};
/* End XCConfigurationList section */
	};
	rootObject = 130005641D0BEBC7008EF193 /* Project object */;
}
