// !$*UTF8*$!
{
	archiveVersion = 1;
	classes = {
	};
	objectVersion = 46;
	objects = {

/* Begin PBXBuildFile section */
		1300055F1D0B67F2008EF193 /* noEggLogoBlack.png in Resources */ = {isa = PBXBuildFile; fileRef = 1300055D1D0B67F2008EF193 /* noEggLogoBlack.png */; };
		130005601D0B67F2008EF193 /* noEggLogoSkyBlue.png in Resources */ = {isa = PBXBuildFile; fileRef = 1300055E1D0B67F2008EF193 /* noEggLogoSkyBlue.png */; };
		130005621D0B67FE008EF193 /* noEggLogoGreenFill.png in Resources */ = {isa = PBXBuildFile; fileRef = 130005611D0B67FE008EF193 /* noEggLogoGreenFill.png */; };
		133686D81D0B5EAF00A46A38 /* 120.png in Resources */ = {isa = PBXBuildFile; fileRef = 133686D71D0B5EAF00A46A38 /* 120.png */; };
		133686DB1D0B5EBB00A46A38 /* full.png in Resources */ = {isa = PBXBuildFile; fileRef = 133686D91D0B5EBB00A46A38 /* full.png */; };
		133686DC1D0B5EBB00A46A38 /* fullLogo.png in Resources */ = {isa = PBXBuildFile; fileRef = 133686DA1D0B5EBB00A46A38 /* fullLogo.png */; };
		DE68EA811CAF8E7A00F3ED17 /* AppDelegate.swift in Sources */ = {isa = PBXBuildFile; fileRef = DE68EA801CAF8E7A00F3ED17 /* AppDelegate.swift */; };
		DE68EA831CAF8E7A00F3ED17 /* ViewController.swift in Sources */ = {isa = PBXBuildFile; fileRef = DE68EA821CAF8E7A00F3ED17 /* ViewController.swift */; };
		DE68EA861CAF8E7A00F3ED17 /* Main.storyboard in Resources */ = {isa = PBXBuildFile; fileRef = DE68EA841CAF8E7A00F3ED17 /* Main.storyboard */; };
		DE68EA881CAF8E7A00F3ED17 /* Assets.xcassets in Resources */ = {isa = PBXBuildFile; fileRef = DE68EA871CAF8E7A00F3ED17 /* Assets.xcassets */; };
		DE68EA8B1CAF8E7A00F3ED17 /* LaunchScreen.storyboard in Resources */ = {isa = PBXBuildFile; fileRef = DE68EA891CAF8E7A00F3ED17 /* LaunchScreen.storyboard */; };
		DE68EA961CAF8E7A00F3ED17 /* UIPageViewControllerSampleTests.swift in Sources */ = {isa = PBXBuildFile; fileRef = DE68EA951CAF8E7A00F3ED17 /* UIPageViewControllerSampleTests.swift */; };
		DE68EAA11CAF8E7A00F3ED17 /* UIPageViewControllerSampleUITests.swift in Sources */ = {isa = PBXBuildFile; fileRef = DE68EAA01CAF8E7A00F3ED17 /* UIPageViewControllerSampleUITests.swift */; };
/* End PBXBuildFile section */

/* Begin PBXContainerItemProxy section */
		DE68EA921CAF8E7A00F3ED17 /* PBXContainerItemProxy */ = {
			isa = PBXContainerItemProxy;
			containerPortal = DE68EA751CAF8E7900F3ED17 /* Project object */;
			proxyType = 1;
			remoteGlobalIDString = DE68EA7C1CAF8E7900F3ED17;
			remoteInfo = UIPageViewControllerSample;
		};
		DE68EA9D1CAF8E7A00F3ED17 /* PBXContainerItemProxy */ = {
			isa = PBXContainerItemProxy;
			containerPortal = DE68EA751CAF8E7900F3ED17 /* Project object */;
			proxyType = 1;
			remoteGlobalIDString = DE68EA7C1CAF8E7900F3ED17;
			remoteInfo = UIPageViewControllerSample;
		};
/* End PBXContainerItemProxy section */

/* Begin PBXFileReference section */
		1300055D1D0B67F2008EF193 /* noEggLogoBlack.png */ = {isa = PBXFileReference; lastKnownFileType = image.png; path = noEggLogoBlack.png; sourceTree = "<group>"; };
		1300055E1D0B67F2008EF193 /* noEggLogoSkyBlue.png */ = {isa = PBXFileReference; lastKnownFileType = image.png; path = noEggLogoSkyBlue.png; sourceTree = "<group>"; };
		130005611D0B67FE008EF193 /* noEggLogoGreenFill.png */ = {isa = PBXFileReference; lastKnownFileType = image.png; path = noEggLogoGreenFill.png; sourceTree = "<group>"; };
		133686D71D0B5EAF00A46A38 /* 120.png */ = {isa = PBXFileReference; lastKnownFileType = image.png; path = 120.png; sourceTree = "<group>"; };
		133686D91D0B5EBB00A46A38 /* full.png */ = {isa = PBXFileReference; lastKnownFileType = image.png; path = full.png; sourceTree = "<group>"; };
		133686DA1D0B5EBB00A46A38 /* fullLogo.png */ = {isa = PBXFileReference; lastKnownFileType = image.png; path = fullLogo.png; sourceTree = "<group>"; };
		DE68EA7D1CAF8E7900F3ED17 /* combinedViewCon.app */ = {isa = PBXFileReference; explicitFileType = wrapper.application; includeInIndex = 0; path = combinedViewCon.app; sourceTree = BUILT_PRODUCTS_DIR; };
		DE68EA801CAF8E7A00F3ED17 /* AppDelegate.swift */ = {isa = PBXFileReference; lastKnownFileType = sourcecode.swift; path = AppDelegate.swift; sourceTree = "<group>"; };
		DE68EA821CAF8E7A00F3ED17 /* ViewController.swift */ = {isa = PBXFileReference; lastKnownFileType = sourcecode.swift; path = ViewController.swift; sourceTree = "<group>"; };
		DE68EA851CAF8E7A00F3ED17 /* Base */ = {isa = PBXFileReference; lastKnownFileType = file.storyboard; name = Base; path = Base.lproj/Main.storyboard; sourceTree = "<group>"; };
		DE68EA871CAF8E7A00F3ED17 /* Assets.xcassets */ = {isa = PBXFileReference; lastKnownFileType = folder.assetcatalog; path = Assets.xcassets; sourceTree = "<group>"; };
		DE68EA8A1CAF8E7A00F3ED17 /* Base */ = {isa = PBXFileReference; lastKnownFileType = file.storyboard; name = Base; path = Base.lproj/LaunchScreen.storyboard; sourceTree = "<group>"; };
		DE68EA8C1CAF8E7A00F3ED17 /* Info.plist */ = {isa = PBXFileReference; lastKnownFileType = text.plist.xml; path = Info.plist; sourceTree = "<group>"; };
		DE68EA911CAF8E7A00F3ED17 /* combinedViewCon.xctest */ = {isa = PBXFileReference; explicitFileType = wrapper.cfbundle; includeInIndex = 0; path = combinedViewCon.xctest; sourceTree = BUILT_PRODUCTS_DIR; };
		DE68EA951CAF8E7A00F3ED17 /* UIPageViewControllerSampleTests.swift */ = {isa = PBXFileReference; lastKnownFileType = sourcecode.swift; path = UIPageViewControllerSampleTests.swift; sourceTree = "<group>"; };
		DE68EA971CAF8E7A00F3ED17 /* Info.plist */ = {isa = PBXFileReference; lastKnownFileType = text.plist.xml; path = Info.plist; sourceTree = "<group>"; };
		DE68EA9C1CAF8E7A00F3ED17 /* combinedViewCon.xctest */ = {isa = PBXFileReference; explicitFileType = wrapper.cfbundle; includeInIndex = 0; path = combinedViewCon.xctest; sourceTree = BUILT_PRODUCTS_DIR; };
		DE68EAA01CAF8E7A00F3ED17 /* UIPageViewControllerSampleUITests.swift */ = {isa = PBXFileReference; lastKnownFileType = sourcecode.swift; path = UIPageViewControllerSampleUITests.swift; sourceTree = "<group>"; };
		DE68EAA21CAF8E7A00F3ED17 /* Info.plist */ = {isa = PBXFileReference; lastKnownFileType = text.plist.xml; path = Info.plist; sourceTree = "<group>"; };
/* End PBXFileReference section */

/* Begin PBXFrameworksBuildPhase section */
		DE68EA7A1CAF8E7900F3ED17 /* Frameworks */ = {
			isa = PBXFrameworksBuildPhase;
			buildActionMask = 2147483647;
			files = (
			);
			runOnlyForDeploymentPostprocessing = 0;
		};
		DE68EA8E1CAF8E7A00F3ED17 /* Frameworks */ = {
			isa = PBXFrameworksBuildPhase;
			buildActionMask = 2147483647;
			files = (
			);
			runOnlyForDeploymentPostprocessing = 0;
		};
		DE68EA991CAF8E7A00F3ED17 /* Frameworks */ = {
			isa = PBXFrameworksBuildPhase;
			buildActionMask = 2147483647;
			files = (
			);
			runOnlyForDeploymentPostprocessing = 0;
		};
/* End PBXFrameworksBuildPhase section */

/* Begin PBXGroup section */
		133686DD1D0B5EC800A46A38 /* resources */ = {
			isa = PBXGroup;
			children = (
				130005611D0B67FE008EF193 /* noEggLogoGreenFill.png */,
				1300055D1D0B67F2008EF193 /* noEggLogoBlack.png */,
				1300055E1D0B67F2008EF193 /* noEggLogoSkyBlue.png */,
				133686D71D0B5EAF00A46A38 /* 120.png */,
				133686D91D0B5EBB00A46A38 /* full.png */,
				133686DA1D0B5EBB00A46A38 /* fullLogo.png */,
			);
			name = resources;
			sourceTree = "<group>";
		};
		DE68EA741CAF8E7900F3ED17 = {
			isa = PBXGroup;
			children = (
				DE68EA7F1CAF8E7A00F3ED17 /* UIPageViewControllerSample */,
				DE68EA941CAF8E7A00F3ED17 /* UIPageViewControllerSampleTests */,
				DE68EA9F1CAF8E7A00F3ED17 /* UIPageViewControllerSampleUITests */,
				DE68EA7E1CAF8E7900F3ED17 /* Products */,
			);
			sourceTree = "<group>";
		};
		DE68EA7E1CAF8E7900F3ED17 /* Products */ = {
			isa = PBXGroup;
			children = (
				DE68EA7D1CAF8E7900F3ED17 /* combinedViewCon.app */,
				DE68EA911CAF8E7A00F3ED17 /* combinedViewCon.xctest */,
				DE68EA9C1CAF8E7A00F3ED17 /* combinedViewCon.xctest */,
			);
			name = Products;
			sourceTree = "<group>";
		};
		DE68EA7F1CAF8E7A00F3ED17 /* UIPageViewControllerSample */ = {
			isa = PBXGroup;
			children = (
				133686DD1D0B5EC800A46A38 /* resources */,
				DE68EAAE1CAFFE2400F3ED17 /* Contents */,
				DE68EA801CAF8E7A00F3ED17 /* AppDelegate.swift */,
				DE68EA821CAF8E7A00F3ED17 /* ViewController.swift */,
				DE68EA841CAF8E7A00F3ED17 /* Main.storyboard */,
				DE68EA871CAF8E7A00F3ED17 /* Assets.xcassets */,
				DE68EA891CAF8E7A00F3ED17 /* LaunchScreen.storyboard */,
				DE68EA8C1CAF8E7A00F3ED17 /* Info.plist */,
			);
			path = UIPageViewControllerSample;
			sourceTree = "<group>";
		};
		DE68EA941CAF8E7A00F3ED17 /* UIPageViewControllerSampleTests */ = {
			isa = PBXGroup;
			children = (
				DE68EA951CAF8E7A00F3ED17 /* UIPageViewControllerSampleTests.swift */,
				DE68EA971CAF8E7A00F3ED17 /* Info.plist */,
			);
			path = UIPageViewControllerSampleTests;
			sourceTree = "<group>";
		};
		DE68EA9F1CAF8E7A00F3ED17 /* UIPageViewControllerSampleUITests */ = {
			isa = PBXGroup;
			children = (
				DE68EAA01CAF8E7A00F3ED17 /* UIPageViewControllerSampleUITests.swift */,
				DE68EAA21CAF8E7A00F3ED17 /* Info.plist */,
			);
			path = UIPageViewControllerSampleUITests;
			sourceTree = "<group>";
		};
		DE68EAAE1CAFFE2400F3ED17 /* Contents */ = {
			isa = PBXGroup;
			children = (
			);
			name = Contents;
			sourceTree = "<group>";
		};
/* End PBXGroup section */

/* Begin PBXNativeTarget section */
		DE68EA7C1CAF8E7900F3ED17 /* combinedViewCon */ = {
			isa = PBXNativeTarget;
			buildConfigurationList = DE68EAA51CAF8E7A00F3ED17 /* Build configuration list for PBXNativeTarget "combinedViewCon" */;
			buildPhases = (
				DE68EA791CAF8E7900F3ED17 /* Sources */,
				DE68EA7A1CAF8E7900F3ED17 /* Frameworks */,
				DE68EA7B1CAF8E7900F3ED17 /* Resources */,
			);
			buildRules = (
			);
			dependencies = (
			);
			name = combinedViewCon;
			productName = UIPageViewControllerSample;
			productReference = DE68EA7D1CAF8E7900F3ED17 /* combinedViewCon.app */;
			productType = "com.apple.product-type.application";
		};
		DE68EA901CAF8E7A00F3ED17 /* combinedViewConTests */ = {
			isa = PBXNativeTarget;
			buildConfigurationList = DE68EAA81CAF8E7A00F3ED17 /* Build configuration list for PBXNativeTarget "combinedViewConTests" */;
			buildPhases = (
				DE68EA8D1CAF8E7A00F3ED17 /* Sources */,
				DE68EA8E1CAF8E7A00F3ED17 /* Frameworks */,
				DE68EA8F1CAF8E7A00F3ED17 /* Resources */,
			);
			buildRules = (
			);
			dependencies = (
				DE68EA931CAF8E7A00F3ED17 /* PBXTargetDependency */,
			);
			name = combinedViewConTests;
			productName = UIPageViewControllerSampleTests;
			productReference = DE68EA911CAF8E7A00F3ED17 /* combinedViewCon.xctest */;
			productType = "com.apple.product-type.bundle.unit-test";
		};
		DE68EA9B1CAF8E7A00F3ED17 /* combinedViewConUITests */ = {
			isa = PBXNativeTarget;
			buildConfigurationList = DE68EAAB1CAF8E7A00F3ED17 /* Build configuration list for PBXNativeTarget "combinedViewConUITests" */;
			buildPhases = (
				DE68EA981CAF8E7A00F3ED17 /* Sources */,
				DE68EA991CAF8E7A00F3ED17 /* Frameworks */,
				DE68EA9A1CAF8E7A00F3ED17 /* Resources */,
			);
			buildRules = (
			);
			dependencies = (
				DE68EA9E1CAF8E7A00F3ED17 /* PBXTargetDependency */,
			);
			name = combinedViewConUITests;
			productName = UIPageViewControllerSampleUITests;
			productReference = DE68EA9C1CAF8E7A00F3ED17 /* combinedViewCon.xctest */;
			productType = "com.apple.product-type.bundle.ui-testing";
		};
/* End PBXNativeTarget section */

/* Begin PBXProject section */
		DE68EA751CAF8E7900F3ED17 /* Project object */ = {
			isa = PBXProject;
			attributes = {
				LastSwiftUpdateCheck = 0730;
				LastUpgradeCheck = 0730;
				ORGANIZATIONNAME = just1factory;
				TargetAttributes = {
					DE68EA7C1CAF8E7900F3ED17 = {
						CreatedOnToolsVersion = 7.3;
						DevelopmentTeam = PCN5B43B5M;
					};
					DE68EA901CAF8E7A00F3ED17 = {
						CreatedOnToolsVersion = 7.3;
						TestTargetID = DE68EA7C1CAF8E7900F3ED17;
					};
					DE68EA9B1CAF8E7A00F3ED17 = {
						CreatedOnToolsVersion = 7.3;
						TestTargetID = DE68EA7C1CAF8E7900F3ED17;
					};
				};
			};
			buildConfigurationList = DE68EA781CAF8E7900F3ED17 /* Build configuration list for PBXProject "combinedViewCon" */;
			compatibilityVersion = "Xcode 3.2";
			developmentRegion = English;
			hasScannedForEncodings = 0;
			knownRegions = (
				en,
				Base,
			);
			mainGroup = DE68EA741CAF8E7900F3ED17;
			productRefGroup = DE68EA7E1CAF8E7900F3ED17 /* Products */;
			projectDirPath = "";
			projectRoot = "";
			targets = (
				DE68EA7C1CAF8E7900F3ED17 /* combinedViewCon */,
				DE68EA901CAF8E7A00F3ED17 /* combinedViewConTests */,
				DE68EA9B1CAF8E7A00F3ED17 /* combinedViewConUITests */,
			);
		};
/* End PBXProject section */

/* Begin PBXResourcesBuildPhase section */
		DE68EA7B1CAF8E7900F3ED17 /* Resources */ = {
			isa = PBXResourcesBuildPhase;
			buildActionMask = 2147483647;
			files = (
				130005621D0B67FE008EF193 /* noEggLogoGreenFill.png in Resources */,
				133686D81D0B5EAF00A46A38 /* 120.png in Resources */,
				133686DB1D0B5EBB00A46A38 /* full.png in Resources */,
				1300055F1D0B67F2008EF193 /* noEggLogoBlack.png in Resources */,
				133686DC1D0B5EBB00A46A38 /* fullLogo.png in Resources */,
				DE68EA8B1CAF8E7A00F3ED17 /* LaunchScreen.storyboard in Resources */,
				DE68EA881CAF8E7A00F3ED17 /* Assets.xcassets in Resources */,
				DE68EA861CAF8E7A00F3ED17 /* Main.storyboard in Resources */,
				130005601D0B67F2008EF193 /* noEggLogoSkyBlue.png in Resources */,
			);
			runOnlyForDeploymentPostprocessing = 0;
		};
		DE68EA8F1CAF8E7A00F3ED17 /* Resources */ = {
			isa = PBXResourcesBuildPhase;
			buildActionMask = 2147483647;
			files = (
			);
			runOnlyForDeploymentPostprocessing = 0;
		};
		DE68EA9A1CAF8E7A00F3ED17 /* Resources */ = {
			isa = PBXResourcesBuildPhase;
			buildActionMask = 2147483647;
			files = (
			);
			runOnlyForDeploymentPostprocessing = 0;
		};
/* End PBXResourcesBuildPhase section */

/* Begin PBXSourcesBuildPhase section */
		DE68EA791CAF8E7900F3ED17 /* Sources */ = {
			isa = PBXSourcesBuildPhase;
			buildActionMask = 2147483647;
			files = (
				DE68EA831CAF8E7A00F3ED17 /* ViewController.swift in Sources */,
				DE68EA811CAF8E7A00F3ED17 /* AppDelegate.swift in Sources */,
			);
			runOnlyForDeploymentPostprocessing = 0;
		};
		DE68EA8D1CAF8E7A00F3ED17 /* Sources */ = {
			isa = PBXSourcesBuildPhase;
			buildActionMask = 2147483647;
			files = (
				DE68EA961CAF8E7A00F3ED17 /* UIPageViewControllerSampleTests.swift in Sources */,
			);
			runOnlyForDeploymentPostprocessing = 0;
		};
		DE68EA981CAF8E7A00F3ED17 /* Sources */ = {
			isa = PBXSourcesBuildPhase;
			buildActionMask = 2147483647;
			files = (
				DE68EAA11CAF8E7A00F3ED17 /* UIPageViewControllerSampleUITests.swift in Sources */,
			);
			runOnlyForDeploymentPostprocessing = 0;
		};
/* End PBXSourcesBuildPhase section */

/* Begin PBXTargetDependency section */
		DE68EA931CAF8E7A00F3ED17 /* PBXTargetDependency */ = {
			isa = PBXTargetDependency;
			target = DE68EA7C1CAF8E7900F3ED17 /* combinedViewCon */;
			targetProxy = DE68EA921CAF8E7A00F3ED17 /* PBXContainerItemProxy */;
		};
		DE68EA9E1CAF8E7A00F3ED17 /* PBXTargetDependency */ = {
			isa = PBXTargetDependency;
			target = DE68EA7C1CAF8E7900F3ED17 /* combinedViewCon */;
			targetProxy = DE68EA9D1CAF8E7A00F3ED17 /* PBXContainerItemProxy */;
		};
/* End PBXTargetDependency section */

/* Begin PBXVariantGroup section */
		DE68EA841CAF8E7A00F3ED17 /* Main.storyboard */ = {
			isa = PBXVariantGroup;
			children = (
				DE68EA851CAF8E7A00F3ED17 /* Base */,
			);
			name = Main.storyboard;
			sourceTree = "<group>";
		};
		DE68EA891CAF8E7A00F3ED17 /* LaunchScreen.storyboard */ = {
			isa = PBXVariantGroup;
			children = (
				DE68EA8A1CAF8E7A00F3ED17 /* Base */,
			);
			name = LaunchScreen.storyboard;
			sourceTree = "<group>";
		};
/* End PBXVariantGroup section */

/* Begin XCBuildConfiguration section */
		DE68EAA31CAF8E7A00F3ED17 /* Debug */ = {
			isa = XCBuildConfiguration;
			buildSettings = {
				ALWAYS_SEARCH_USER_PATHS = NO;
				CLANG_ANALYZER_NONNULL = YES;
				CLANG_CXX_LANGUAGE_STANDARD = "gnu++0x";
				CLANG_CXX_LIBRARY = "libc++";
				CLANG_ENABLE_MODULES = YES;
				CLANG_ENABLE_OBJC_ARC = YES;
				CLANG_WARN_BOOL_CONVERSION = YES;
				CLANG_WARN_CONSTANT_CONVERSION = YES;
				CLANG_WARN_DIRECT_OBJC_ISA_USAGE = YES_ERROR;
				CLANG_WARN_EMPTY_BODY = YES;
				CLANG_WARN_ENUM_CONVERSION = YES;
				CLANG_WARN_INT_CONVERSION = YES;
				CLANG_WARN_OBJC_ROOT_CLASS = YES_ERROR;
				CLANG_WARN_UNREACHABLE_CODE = YES;
				CLANG_WARN__DUPLICATE_METHOD_MATCH = YES;
				"CODE_SIGN_IDENTITY[sdk=iphoneos*]" = "iPhone Developer";
				COPY_PHASE_STRIP = NO;
				DEBUG_INFORMATION_FORMAT = dwarf;
				ENABLE_STRICT_OBJC_MSGSEND = YES;
				ENABLE_TESTABILITY = YES;
				GCC_C_LANGUAGE_STANDARD = gnu99;
				GCC_DYNAMIC_NO_PIC = NO;
				GCC_NO_COMMON_BLOCKS = YES;
				GCC_OPTIMIZATION_LEVEL = 0;
				GCC_PREPROCESSOR_DEFINITIONS = (
					"DEBUG=1",
					"$(inherited)",
				);
				GCC_WARN_64_TO_32_BIT_CONVERSION = YES;
				GCC_WARN_ABOUT_RETURN_TYPE = YES_ERROR;
				GCC_WARN_UNDECLARED_SELECTOR = YES;
				GCC_WARN_UNINITIALIZED_AUTOS = YES_AGGRESSIVE;
				GCC_WARN_UNUSED_FUNCTION = YES;
				GCC_WARN_UNUSED_VARIABLE = YES;
				IPHONEOS_DEPLOYMENT_TARGET = 9.3;
				MTL_ENABLE_DEBUG_INFO = YES;
				ONLY_ACTIVE_ARCH = YES;
				SDKROOT = iphoneos;
				SWIFT_OPTIMIZATION_LEVEL = "-Onone";
			};
			name = Debug;
		};
		DE68EAA41CAF8E7A00F3ED17 /* Release */ = {
			isa = XCBuildConfiguration;
			buildSettings = {
				ALWAYS_SEARCH_USER_PATHS = NO;
				CLANG_ANALYZER_NONNULL = YES;
				CLANG_CXX_LANGUAGE_STANDARD = "gnu++0x";
				CLANG_CXX_LIBRARY = "libc++";
				CLANG_ENABLE_MODULES = YES;
				CLANG_ENABLE_OBJC_ARC = YES;
				CLANG_WARN_BOOL_CONVERSION = YES;
				CLANG_WARN_CONSTANT_CONVERSION = YES;
				CLANG_WARN_DIRECT_OBJC_ISA_USAGE = YES_ERROR;
				CLANG_WARN_EMPTY_BODY = YES;
				CLANG_WARN_ENUM_CONVERSION = YES;
				CLANG_WARN_INT_CONVERSION = YES;
				CLANG_WARN_OBJC_ROOT_CLASS = YES_ERROR;
				CLANG_WARN_UNREACHABLE_CODE = YES;
				CLANG_WARN__DUPLICATE_METHOD_MATCH = YES;
				"CODE_SIGN_IDENTITY[sdk=iphoneos*]" = "iPhone Developer";
				COPY_PHASE_STRIP = NO;
				DEBUG_INFORMATION_FORMAT = "dwarf-with-dsym";
				ENABLE_NS_ASSERTIONS = NO;
				ENABLE_STRICT_OBJC_MSGSEND = YES;
				GCC_C_LANGUAGE_STANDARD = gnu99;
				GCC_NO_COMMON_BLOCKS = YES;
				GCC_WARN_64_TO_32_BIT_CONVERSION = YES;
				GCC_WARN_ABOUT_RETURN_TYPE = YES_ERROR;
				GCC_WARN_UNDECLARED_SELECTOR = YES;
				GCC_WARN_UNINITIALIZED_AUTOS = YES_AGGRESSIVE;
				GCC_WARN_UNUSED_FUNCTION = YES;
				GCC_WARN_UNUSED_VARIABLE = YES;
				IPHONEOS_DEPLOYMENT_TARGET = 9.3;
				MTL_ENABLE_DEBUG_INFO = NO;
				SDKROOT = iphoneos;
				VALIDATE_PRODUCT = YES;
			};
			name = Release;
		};
		DE68EAA61CAF8E7A00F3ED17 /* Debug */ = {
			isa = XCBuildConfiguration;
			buildSettings = {
				ASSETCATALOG_COMPILER_APPICON_NAME = AppIcon;
				CODE_SIGN_IDENTITY = "iPhone Developer";
				"CODE_SIGN_IDENTITY[sdk=iphoneos*]" = "iPhone Developer";
				INFOPLIST_FILE = UIPageViewControllerSample/Info.plist;
				LD_RUNPATH_SEARCH_PATHS = "$(inherited) @executable_path/Frameworks";
				PRODUCT_BUNDLE_IDENTIFIER = net.sugimon.combinedViewCon;
				PRODUCT_NAME = combinedViewCon;
				PROVISIONING_PROFILE = "";
				TARGETED_DEVICE_FAMILY = 1;
			};
			name = Debug;
		};
		DE68EAA71CAF8E7A00F3ED17 /* Release */ = {
			isa = XCBuildConfiguration;
			buildSettings = {
				ASSETCATALOG_COMPILER_APPICON_NAME = AppIcon;
				CODE_SIGN_IDENTITY = "iPhone Developer";
				"CODE_SIGN_IDENTITY[sdk=iphoneos*]" = "iPhone Developer";
				INFOPLIST_FILE = UIPageViewControllerSample/Info.plist;
				LD_RUNPATH_SEARCH_PATHS = "$(inherited) @executable_path/Frameworks";
				PRODUCT_BUNDLE_IDENTIFIER = net.sugimon.combinedViewCon;
				PRODUCT_NAME = combinedViewCon;
				PROVISIONING_PROFILE = "";
				TARGETED_DEVICE_FAMILY = 1;
			};
			name = Release;
		};
		DE68EAA91CAF8E7A00F3ED17 /* Debug */ = {
			isa = XCBuildConfiguration;
			buildSettings = {
				BUNDLE_LOADER = "$(TEST_HOST)";
				INFOPLIST_FILE = UIPageViewControllerSampleTests/Info.plist;
				LD_RUNPATH_SEARCH_PATHS = "$(inherited) @executable_path/Frameworks @loader_path/Frameworks";
				PRODUCT_BUNDLE_IDENTIFIER = net.just1factory.UIPageViewControllerSampleTests;
				PRODUCT_NAME = combinedViewCon;
				TEST_HOST = "$(BUILT_PRODUCTS_DIR)/combinedViewCon.app/combinedViewCon";
			};
			name = Debug;
		};
		DE68EAAA1CAF8E7A00F3ED17 /* Release */ = {
			isa = XCBuildConfiguration;
			buildSettings = {
				BUNDLE_LOADER = "$(TEST_HOST)";
				INFOPLIST_FILE = UIPageViewControllerSampleTests/Info.plist;
				LD_RUNPATH_SEARCH_PATHS = "$(inherited) @executable_path/Frameworks @loader_path/Frameworks";
				PRODUCT_BUNDLE_IDENTIFIER = net.just1factory.UIPageViewControllerSampleTests;
				PRODUCT_NAME = combinedViewCon;
				TEST_HOST = "$(BUILT_PRODUCTS_DIR)/combinedViewCon.app/combinedViewCon";
			};
			name = Release;
		};
		DE68EAAC1CAF8E7A00F3ED17 /* Debug */ = {
			isa = XCBuildConfiguration;
			buildSettings = {
				INFOPLIST_FILE = UIPageViewControllerSampleUITests/Info.plist;
				LD_RUNPATH_SEARCH_PATHS = "$(inherited) @executable_path/Frameworks @loader_path/Frameworks";
				PRODUCT_BUNDLE_IDENTIFIER = net.just1factory.UIPageViewControllerSampleUITests;
				PRODUCT_NAME = combinedViewCon;
				TEST_TARGET_NAME = UIPageViewControllerSample;
			};
			name = Debug;
		};
		DE68EAAD1CAF8E7A00F3ED17 /* Release */ = {
			isa = XCBuildConfiguration;
			buildSettings = {
				INFOPLIST_FILE = UIPageViewControllerSampleUITests/Info.plist;
				LD_RUNPATH_SEARCH_PATHS = "$(inherited) @executable_path/Frameworks @loader_path/Frameworks";
				PRODUCT_BUNDLE_IDENTIFIER = net.just1factory.UIPageViewControllerSampleUITests;
				PRODUCT_NAME = combinedViewCon;
				TEST_TARGET_NAME = UIPageViewControllerSample;
			};
			name = Release;
		};
/* End XCBuildConfiguration section */

/* Begin XCConfigurationList section */
		DE68EA781CAF8E7900F3ED17 /* Build configuration list for PBXProject "combinedViewCon" */ = {
			isa = XCConfigurationList;
			buildConfigurations = (
				DE68EAA31CAF8E7A00F3ED17 /* Debug */,
				DE68EAA41CAF8E7A00F3ED17 /* Release */,
			);
			defaultConfigurationIsVisible = 0;
			defaultConfigurationName = Release;
		};
		DE68EAA51CAF8E7A00F3ED17 /* Build configuration list for PBXNativeTarget "combinedViewCon" */ = {
			isa = XCConfigurationList;
			buildConfigurations = (
				DE68EAA61CAF8E7A00F3ED17 /* Debug */,
				DE68EAA71CAF8E7A00F3ED17 /* Release */,
			);
			defaultConfigurationIsVisible = 0;
			defaultConfigurationName = Release;
		};
		DE68EAA81CAF8E7A00F3ED17 /* Build configuration list for PBXNativeTarget "combinedViewConTests" */ = {
			isa = XCConfigurationList;
			buildConfigurations = (
				DE68EAA91CAF8E7A00F3ED17 /* Debug */,
				DE68EAAA1CAF8E7A00F3ED17 /* Release */,
			);
			defaultConfigurationIsVisible = 0;
			defaultConfigurationName = Release;
		};
		DE68EAAB1CAF8E7A00F3ED17 /* Build configuration list for PBXNativeTarget "combinedViewConUITests" */ = {
			isa = XCConfigurationList;
			buildConfigurations = (
				DE68EAAC1CAF8E7A00F3ED17 /* Debug */,
				DE68EAAD1CAF8E7A00F3ED17 /* Release */,
			);
			defaultConfigurationIsVisible = 0;
			defaultConfigurationName = Release;
		};
/* End XCConfigurationList section */
	};
	rootObject = DE68EA751CAF8E7900F3ED17 /* Project object */;
}
